{
  "originHash" : "9a89105e027b67665a9357722ab621049fb749b11df4afc155d27be53f7b3850",
  "pins" : [
    {
      "identity" : "keychainaccess",
      "kind" : "remoteSourceControl",
      "location" : "https://github.com/kishikawakatsumi/KeychainAccess.git",
      "state" : {
        "branch" : "master",
        "revision" : "e0c7eebc5a4465a3c4680764f26b7a61f567cdaf"
      }
    },
    {
      "identity" : "panmodal",
      "kind" : "remoteSourceControl",
      "location" : "https://github.com/slackhq/PanModal.git",
      "state" : {
        "revision" : "b012aecb6b67a8e46369227f893c12544846613f",
        "version" : "1.2.7"
      }
    },
    {
      "identity" : "parchment",
      "kind" : "remoteSourceControl",
      "location" : "https://github.com/yourssu/Parchment",
      "state" : {
        "revision" : "42036be5d011c83145e9f8e2705c7d3756e46607",
        "version" : "3.7.2"
      }
    },
    {
      "identity" : "rusaint-ios",
      "kind" : "remoteSourceControl",
      "location" : "https://github.com/EATSTEAK/rusaint-ios",
      "state" : {
        "revision" : "13ced27cd131e19e9834e892aa8ebbb6915ccf4b",
        "version" : "0.8.1"
      }
    },
    {
      "identity" : "rxswift",
      "kind" : "remoteSourceControl",
      "location" : "https://github.com/ReactiveX/RxSwift.git",
      "state" : {
        "revision" : "c7c7d2cf50a3211fe2843f76869c698e4e417930",
        "version" : "6.8.0"
      }
    },
    {
      "identity" : "snapkit",
      "kind" : "remoteSourceControl",
      "location" : "https://github.com/SnapKit/SnapKit",
      "state" : {
        "revision" : "2842e6e84e82eb9a8dac0100ca90d9444b0307f4",
        "version" : "5.7.1"
      }
    },
    {
      "identity" : "yds-ios",
      "kind" : "remoteSourceControl",
      "location" : "https://github.com/yourssu/YDS-iOS",
      "state" : {
        "revision" : "7b7ffacf3fe0dd9485c2132cf95ff85a03c682b3",
        "version" : "3.1.5"
      }
    }
  ],
  "version" : 3
}
